// !$*UTF8*$!
{
	archiveVersion = 1;
	classes = {
	};
	objectVersion = 50;
	objects = {

/* Begin PBXBuildFile section */
		0A340EA5218ECC840000B1FF /* AppDelegate.swift in Sources */ = {isa = PBXBuildFile; fileRef = 0A340EA4218ECC840000B1FF /* AppDelegate.swift */; };
		0A340EA7218ECC840000B1FF /* TickThatOffViewController.swift in Sources */ = {isa = PBXBuildFile; fileRef = 0A340EA6218ECC840000B1FF /* TickThatOffViewController.swift */; };
		0A340EAA218ECC840000B1FF /* Main.storyboard in Resources */ = {isa = PBXBuildFile; fileRef = 0A340EA8218ECC840000B1FF /* Main.storyboard */; };
		0A340EAC218ECC8D0000B1FF /* Assets.xcassets in Resources */ = {isa = PBXBuildFile; fileRef = 0A340EAB218ECC8D0000B1FF /* Assets.xcassets */; };
		0A340EAF218ECC8D0000B1FF /* LaunchScreen.storyboard in Resources */ = {isa = PBXBuildFile; fileRef = 0A340EAD218ECC8D0000B1FF /* LaunchScreen.storyboard */; };
		0A3712A921A56BF30020DFAE /* CategoryViewController.swift in Sources */ = {isa = PBXBuildFile; fileRef = 0A3712A821A56BF30020DFAE /* CategoryViewController.swift */; };
		0AF8156521F5C4830005DC90 /* Item.swift in Sources */ = {isa = PBXBuildFile; fileRef = 0AF8156421F5C4830005DC90 /* Item.swift */; };
		0AF8156721F5C4920005DC90 /* Category.swift in Sources */ = {isa = PBXBuildFile; fileRef = 0AF8156621F5C4920005DC90 /* Category.swift */; };
		3149EDF78F30747D0CD601F3 /* Pods_Tick_That_Off.framework in Frameworks */ = {isa = PBXBuildFile; fileRef = FFEA7178F3A96C03822B0ACC /* Pods_Tick_That_Off.framework */; };
/* End PBXBuildFile section */

/* Begin PBXFileReference section */
		0A340EA1218ECC840000B1FF /* Tick That Off.app */ = {isa = PBXFileReference; explicitFileType = wrapper.application; includeInIndex = 0; path = "Tick That Off.app"; sourceTree = BUILT_PRODUCTS_DIR; };
		0A340EA4218ECC840000B1FF /* AppDelegate.swift */ = {isa = PBXFileReference; lastKnownFileType = sourcecode.swift; path = AppDelegate.swift; sourceTree = "<group>"; };
		0A340EA6218ECC840000B1FF /* TickThatOffViewController.swift */ = {isa = PBXFileReference; lastKnownFileType = sourcecode.swift; path = TickThatOffViewController.swift; sourceTree = "<group>"; };
		0A340EA9218ECC840000B1FF /* Base */ = {isa = PBXFileReference; lastKnownFileType = file.storyboard; name = Base; path = Base.lproj/Main.storyboard; sourceTree = "<group>"; };
		0A340EAB218ECC8D0000B1FF /* Assets.xcassets */ = {isa = PBXFileReference; lastKnownFileType = folder.assetcatalog; path = Assets.xcassets; sourceTree = "<group>"; };
		0A340EAE218ECC8D0000B1FF /* Base */ = {isa = PBXFileReference; lastKnownFileType = file.storyboard; name = Base; path = Base.lproj/LaunchScreen.storyboard; sourceTree = "<group>"; };
		0A340EB0218ECC8D0000B1FF /* Info.plist */ = {isa = PBXFileReference; lastKnownFileType = text.plist.xml; path = Info.plist; sourceTree = "<group>"; };
		0A3712A821A56BF30020DFAE /* CategoryViewController.swift */ = {isa = PBXFileReference; lastKnownFileType = sourcecode.swift; path = CategoryViewController.swift; sourceTree = "<group>"; };
		0AF8156421F5C4830005DC90 /* Item.swift */ = {isa = PBXFileReference; lastKnownFileType = sourcecode.swift; path = Item.swift; sourceTree = "<group>"; };
		0AF8156621F5C4920005DC90 /* Category.swift */ = {isa = PBXFileReference; lastKnownFileType = sourcecode.swift; path = Category.swift; sourceTree = "<group>"; };
		644017C88BDF66978ED0FB4C /* Pods-Tick That Off.release.xcconfig */ = {isa = PBXFileReference; includeInIndex = 1; lastKnownFileType = text.xcconfig; name = "Pods-Tick That Off.release.xcconfig"; path = "Pods/Target Support Files/Pods-Tick That Off/Pods-Tick That Off.release.xcconfig"; sourceTree = "<group>"; };
		9B290053D269CABFA8E4479F /* Pods-Tick That Off.debug.xcconfig */ = {isa = PBXFileReference; includeInIndex = 1; lastKnownFileType = text.xcconfig; name = "Pods-Tick That Off.debug.xcconfig"; path = "Pods/Target Support Files/Pods-Tick That Off/Pods-Tick That Off.debug.xcconfig"; sourceTree = "<group>"; };
		FFEA7178F3A96C03822B0ACC /* Pods_Tick_That_Off.framework */ = {isa = PBXFileReference; explicitFileType = wrapper.framework; includeInIndex = 0; path = Pods_Tick_That_Off.framework; sourceTree = BUILT_PRODUCTS_DIR; };
/* End PBXFileReference section */

/* Begin PBXFrameworksBuildPhase section */
		0A340E9E218ECC830000B1FF /* Frameworks */ = {
			isa = PBXFrameworksBuildPhase;
			buildActionMask = 2147483647;
			files = (
				3149EDF78F30747D0CD601F3 /* Pods_Tick_That_Off.framework in Frameworks */,
			);
			runOnlyForDeploymentPostprocessing = 0;
		};
/* End PBXFrameworksBuildPhase section */

/* Begin PBXGroup section */
		04C96509B0A7AD56F65B1D8B /* Frameworks */ = {
			isa = PBXGroup;
			children = (
				FFEA7178F3A96C03822B0ACC /* Pods_Tick_That_Off.framework */,
			);
			name = Frameworks;
			sourceTree = "<group>";
		};
		0A16B98721A1138300625B5C /* Model */ = {
			isa = PBXGroup;
			children = (
				0AF8156621F5C4920005DC90 /* Category.swift */,
				0AF8156421F5C4830005DC90 /* Item.swift */,
			);
			path = Model;
			sourceTree = "<group>";
		};
		0A16B98821A113FD00625B5C /* View */ = {
			isa = PBXGroup;
			children = (
				0A340EA8218ECC840000B1FF /* Main.storyboard */,
			);
			path = View;
			sourceTree = "<group>";
		};
		0A16B98921A1140E00625B5C /* Controller */ = {
			isa = PBXGroup;
			children = (
				0A3712A821A56BF30020DFAE /* CategoryViewController.swift */,
				0A340EA6218ECC840000B1FF /* TickThatOffViewController.swift */,
			);
			path = Controller;
			sourceTree = "<group>";
		};
		0A16B98A21A1143000625B5C /* Supporting Files */ = {
			isa = PBXGroup;
			children = (
				0A340EAB218ECC8D0000B1FF /* Assets.xcassets */,
				0A340EAD218ECC8D0000B1FF /* LaunchScreen.storyboard */,
			);
			path = "Supporting Files";
			sourceTree = "<group>";
		};
		0A340E98218ECC830000B1FF = {
			isa = PBXGroup;
			children = (
				0A340EA3218ECC840000B1FF /* Tick That Off */,
				0A340EA2218ECC840000B1FF /* Products */,
				C8A703E18F01E3D6B1D39B66 /* Pods */,
				04C96509B0A7AD56F65B1D8B /* Frameworks */,
			);
			sourceTree = "<group>";
		};
		0A340EA2218ECC840000B1FF /* Products */ = {
			isa = PBXGroup;
			children = (
				0A340EA1218ECC840000B1FF /* Tick That Off.app */,
			);
			name = Products;
			sourceTree = "<group>";
		};
		0A340EA3218ECC840000B1FF /* Tick That Off */ = {
			isa = PBXGroup;
			children = (
				0A340EA4218ECC840000B1FF /* AppDelegate.swift */,
				0A16B98721A1138300625B5C /* Model */,
				0A16B98821A113FD00625B5C /* View */,
				0A16B98921A1140E00625B5C /* Controller */,
				0A16B98A21A1143000625B5C /* Supporting Files */,
				0A340EB0218ECC8D0000B1FF /* Info.plist */,
			);
			path = "Tick That Off";
			sourceTree = "<group>";
		};
		C8A703E18F01E3D6B1D39B66 /* Pods */ = {
			isa = PBXGroup;
			children = (
				9B290053D269CABFA8E4479F /* Pods-Tick That Off.debug.xcconfig */,
				644017C88BDF66978ED0FB4C /* Pods-Tick That Off.release.xcconfig */,
			);
			name = Pods;
			sourceTree = "<group>";
		};
/* End PBXGroup section */

/* Begin PBXNativeTarget section */
		0A340EA0218ECC830000B1FF /* Tick That Off */ = {
			isa = PBXNativeTarget;
			buildConfigurationList = 0A340EB3218ECC8D0000B1FF /* Build configuration list for PBXNativeTarget "Tick That Off" */;
			buildPhases = (
				7C503E8FD19ADB1650ACB89F /* [CP] Check Pods Manifest.lock */,
				0A340E9D218ECC830000B1FF /* Sources */,
				0A340E9E218ECC830000B1FF /* Frameworks */,
				0A340E9F218ECC830000B1FF /* Resources */,
				CE5DC72BEA2D37370CB4EACD /* [CP] Embed Pods Frameworks */,
			);
			buildRules = (
			);
			dependencies = (
			);
			name = "Tick That Off";
			productName = "Tick That Off";
			productReference = 0A340EA1218ECC840000B1FF /* Tick That Off.app */;
			productType = "com.apple.product-type.application";
		};
/* End PBXNativeTarget section */

/* Begin PBXProject section */
		0A340E99218ECC830000B1FF /* Project object */ = {
			isa = PBXProject;
			attributes = {
				LastSwiftUpdateCheck = 0940;
				LastUpgradeCheck = 0940;
				ORGANIZATIONNAME = "Kevin Joseph Mangulabnan";
				TargetAttributes = {
					0A340EA0218ECC830000B1FF = {
						CreatedOnToolsVersion = 9.4.1;
					};
				};
			};
			buildConfigurationList = 0A340E9C218ECC830000B1FF /* Build configuration list for PBXProject "Tick That Off" */;
			compatibilityVersion = "Xcode 9.3";
			developmentRegion = en;
			hasScannedForEncodings = 0;
			knownRegions = (
				en,
				Base,
			);
			mainGroup = 0A340E98218ECC830000B1FF;
			productRefGroup = 0A340EA2218ECC840000B1FF /* Products */;
			projectDirPath = "";
			projectRoot = "";
			targets = (
				0A340EA0218ECC830000B1FF /* Tick That Off */,
			);
		};
/* End PBXProject section */

/* Begin PBXResourcesBuildPhase section */
		0A340E9F218ECC830000B1FF /* Resources */ = {
			isa = PBXResourcesBuildPhase;
			buildActionMask = 2147483647;
			files = (
				0A340EAF218ECC8D0000B1FF /* LaunchScreen.storyboard in Resources */,
				0A340EAC218ECC8D0000B1FF /* Assets.xcassets in Resources */,
				0A340EAA218ECC840000B1FF /* Main.storyboard in Resources */,
			);
			runOnlyForDeploymentPostprocessing = 0;
		};
/* End PBXResourcesBuildPhase section */

/* Begin PBXShellScriptBuildPhase section */
		7C503E8FD19ADB1650ACB89F /* [CP] Check Pods Manifest.lock */ = {
			isa = PBXShellScriptBuildPhase;
			buildActionMask = 2147483647;
			files = (
			);
			inputPaths = (
				"${PODS_PODFILE_DIR_PATH}/Podfile.lock",
				"${PODS_ROOT}/Manifest.lock",
			);
			name = "[CP] Check Pods Manifest.lock";
			outputPaths = (
				"$(DERIVED_FILE_DIR)/Pods-Tick That Off-checkManifestLockResult.txt",
			);
			runOnlyForDeploymentPostprocessing = 0;
			shellPath = /bin/sh;
			shellScript = "diff \"${PODS_PODFILE_DIR_PATH}/Podfile.lock\" \"${PODS_ROOT}/Manifest.lock\" > /dev/null\nif [ $? != 0 ] ; then\n    # print error to STDERR\n    echo \"error: The sandbox is not in sync with the Podfile.lock. Run 'pod install' or update your CocoaPods installation.\" >&2\n    exit 1\nfi\n# This output is used by Xcode 'outputs' to avoid re-running this script phase.\necho \"SUCCESS\" > \"${SCRIPT_OUTPUT_FILE_0}\"\n";
			showEnvVarsInLog = 0;
		};
		CE5DC72BEA2D37370CB4EACD /* [CP] Embed Pods Frameworks */ = {
			isa = PBXShellScriptBuildPhase;
			buildActionMask = 2147483647;
			files = (
			);
			inputPaths = (
				"${SRCROOT}/Pods/Target Support Files/Pods-Tick That Off/Pods-Tick That Off-frameworks.sh",
				"${BUILT_PRODUCTS_DIR}/Realm/Realm.framework",
				"${BUILT_PRODUCTS_DIR}/RealmSwift/RealmSwift.framework",
			);
			name = "[CP] Embed Pods Frameworks";
			outputPaths = (
				"${TARGET_BUILD_DIR}/${FRAMEWORKS_FOLDER_PATH}/Realm.framework",
				"${TARGET_BUILD_DIR}/${FRAMEWORKS_FOLDER_PATH}/RealmSwift.framework",
			);
			runOnlyForDeploymentPostprocessing = 0;
			shellPath = /bin/sh;
			shellScript = "\"${SRCROOT}/Pods/Target Support Files/Pods-Tick That Off/Pods-Tick That Off-frameworks.sh\"\n";
			showEnvVarsInLog = 0;
		};
/* End PBXShellScriptBuildPhase section */

/* Begin PBXSourcesBuildPhase section */
		0A340E9D218ECC830000B1FF /* Sources */ = {
			isa = PBXSourcesBuildPhase;
			buildActionMask = 2147483647;
			files = (
				0AF8156521F5C4830005DC90 /* Item.swift in Sources */,
				0A3712A921A56BF30020DFAE /* CategoryViewController.swift in Sources */,
				0A340EA7218ECC840000B1FF /* TickThatOffViewController.swift in Sources */,
				0A340EA5218ECC840000B1FF /* AppDelegate.swift in Sources */,
				0AF8156721F5C4920005DC90 /* Category.swift in Sources */,
			);
			runOnlyForDeploymentPostprocessing = 0;
		};
/* End PBXSourcesBuildPhase section */

/* Begin PBXVariantGroup section */
		0A340EA8218ECC840000B1FF /* Main.storyboard */ = {
			isa = PBXVariantGroup;
			children = (
				0A340EA9218ECC840000B1FF /* Base */,
			);
			name = Main.storyboard;
			sourceTree = "<group>";
		};
		0A340EAD218ECC8D0000B1FF /* LaunchScreen.storyboard */ = {
			isa = PBXVariantGroup;
			children = (
				0A340EAE218ECC8D0000B1FF /* Base */,
			);
			name = LaunchScreen.storyboard;
			sourceTree = "<group>";
		};
/* End PBXVariantGroup section */

/* Begin XCBuildConfiguration section */
		0A340EB1218ECC8D0000B1FF /* Debug */ = {
			isa = XCBuildConfiguration;
			buildSettings = {
				ALWAYS_SEARCH_USER_PATHS = NO;
				CLANG_ANALYZER_NONNULL = YES;
				CLANG_ANALYZER_NUMBER_OBJECT_CONVERSION = YES_AGGRESSIVE;
				CLANG_CXX_LANGUAGE_STANDARD = "gnu++14";
				CLANG_CXX_LIBRARY = "libc++";
				CLANG_ENABLE_MODULES = YES;
				CLANG_ENABLE_OBJC_ARC = YES;
				CLANG_ENABLE_OBJC_WEAK = YES;
				CLANG_WARN_BLOCK_CAPTURE_AUTORELEASING = YES;
				CLANG_WARN_BOOL_CONVERSION = YES;
				CLANG_WARN_COMMA = YES;
				CLANG_WARN_CONSTANT_CONVERSION = YES;
				CLANG_WARN_DEPRECATED_OBJC_IMPLEMENTATIONS = YES;
				CLANG_WARN_DIRECT_OBJC_ISA_USAGE = YES_ERROR;
				CLANG_WARN_DOCUMENTATION_COMMENTS = YES;
				CLANG_WARN_EMPTY_BODY = YES;
				CLANG_WARN_ENUM_CONVERSION = YES;
				CLANG_WARN_INFINITE_RECURSION = YES;
				CLANG_WARN_INT_CONVERSION = YES;
				CLANG_WARN_NON_LITERAL_NULL_CONVERSION = YES;
				CLANG_WARN_OBJC_IMPLICIT_RETAIN_SELF = YES;
				CLANG_WARN_OBJC_LITERAL_CONVERSION = YES;
				CLANG_WARN_OBJC_ROOT_CLASS = YES_ERROR;
				CLANG_WARN_RANGE_LOOP_ANALYSIS = YES;
				CLANG_WARN_STRICT_PROTOTYPES = YES;
				CLANG_WARN_SUSPICIOUS_MOVE = YES;
				CLANG_WARN_UNGUARDED_AVAILABILITY = YES_AGGRESSIVE;
				CLANG_WARN_UNREACHABLE_CODE = YES;
				CLANG_WARN__DUPLICATE_METHOD_MATCH = YES;
				CODE_SIGN_IDENTITY = "iPhone Developer";
				COPY_PHASE_STRIP = NO;
				DEBUG_INFORMATION_FORMAT = dwarf;
				ENABLE_STRICT_OBJC_MSGSEND = YES;
				ENABLE_TESTABILITY = YES;
				GCC_C_LANGUAGE_STANDARD = gnu11;
				GCC_DYNAMIC_NO_PIC = NO;
				GCC_NO_COMMON_BLOCKS = YES;
				GCC_OPTIMIZATION_LEVEL = 0;
				GCC_PREPROCESSOR_DEFINITIONS = (
					"DEBUG=1",
					"$(inherited)",
				);
				GCC_WARN_64_TO_32_BIT_CONVERSION = YES;
				GCC_WARN_ABOUT_RETURN_TYPE = YES_ERROR;
				GCC_WARN_UNDECLARED_SELECTOR = YES;
				GCC_WARN_UNINITIALIZED_AUTOS = YES_AGGRESSIVE;
				GCC_WARN_UNUSED_FUNCTION = YES;
				GCC_WARN_UNUSED_VARIABLE = YES;
				IPHONEOS_DEPLOYMENT_TARGET = 11.4;
				MTL_ENABLE_DEBUG_INFO = YES;
				ONLY_ACTIVE_ARCH = YES;
				SDKROOT = iphoneos;
				SWIFT_ACTIVE_COMPILATION_CONDITIONS = DEBUG;
				SWIFT_OPTIMIZATION_LEVEL = "-Onone";
			};
			name = Debug;
		};
		0A340EB2218ECC8D0000B1FF /* Release */ = {
			isa = XCBuildConfiguration;
			buildSettings = {
				ALWAYS_SEARCH_USER_PATHS = NO;
				CLANG_ANALYZER_NONNULL = YES;
				CLANG_ANALYZER_NUMBER_OBJECT_CONVERSION = YES_AGGRESSIVE;
				CLANG_CXX_LANGUAGE_STANDARD = "gnu++14";
				CLANG_CXX_LIBRARY = "libc++";
				CLANG_ENABLE_MODULES = YES;
				CLANG_ENABLE_OBJC_ARC = YES;
				CLANG_ENABLE_OBJC_WEAK = YES;
				CLANG_WARN_BLOCK_CAPTURE_AUTORELEASING = YES;
				CLANG_WARN_BOOL_CONVERSION = YES;
				CLANG_WARN_COMMA = YES;
				CLANG_WARN_CONSTANT_CONVERSION = YES;
				CLANG_WARN_DEPRECATED_OBJC_IMPLEMENTATIONS = YES;
				CLANG_WARN_DIRECT_OBJC_ISA_USAGE = YES_ERROR;
				CLANG_WARN_DOCUMENTATION_COMMENTS = YES;
				CLANG_WARN_EMPTY_BODY = YES;
				CLANG_WARN_ENUM_CONVERSION = YES;
				CLANG_WARN_INFINITE_RECURSION = YES;
				CLANG_WARN_INT_CONVERSION = YES;
				CLANG_WARN_NON_LITERAL_NULL_CONVERSION = YES;
				CLANG_WARN_OBJC_IMPLICIT_RETAIN_SELF = YES;
				CLANG_WARN_OBJC_LITERAL_CONVERSION = YES;
				CLANG_WARN_OBJC_ROOT_CLASS = YES_ERROR;
				CLANG_WARN_RANGE_LOOP_ANALYSIS = YES;
				CLANG_WARN_STRICT_PROTOTYPES = YES;
				CLANG_WARN_SUSPICIOUS_MOVE = YES;
				CLANG_WARN_UNGUARDED_AVAILABILITY = YES_AGGRESSIVE;
				CLANG_WARN_UNREACHABLE_CODE = YES;
				CLANG_WARN__DUPLICATE_METHOD_MATCH = YES;
				CODE_SIGN_IDENTITY = "iPhone Developer";
				COPY_PHASE_STRIP = NO;
				DEBUG_INFORMATION_FORMAT = "dwarf-with-dsym";
				ENABLE_NS_ASSERTIONS = NO;
				ENABLE_STRICT_OBJC_MSGSEND = YES;
				GCC_C_LANGUAGE_STANDARD = gnu11;
				GCC_NO_COMMON_BLOCKS = YES;
				GCC_WARN_64_TO_32_BIT_CONVERSION = YES;
				GCC_WARN_ABOUT_RETURN_TYPE = YES_ERROR;
				GCC_WARN_UNDECLARED_SELECTOR = YES;
				GCC_WARN_UNINITIALIZED_AUTOS = YES_AGGRESSIVE;
				GCC_WARN_UNUSED_FUNCTION = YES;
				GCC_WARN_UNUSED_VARIABLE = YES;
				IPHONEOS_DEPLOYMENT_TARGET = 11.4;
				MTL_ENABLE_DEBUG_INFO = NO;
				SDKROOT = iphoneos;
				SWIFT_COMPILATION_MODE = wholemodule;
				SWIFT_OPTIMIZATION_LEVEL = "-O";
				VALIDATE_PRODUCT = YES;
			};
			name = Release;
		};
		0A340EB4218ECC8D0000B1FF /* Debug */ = {
			isa = XCBuildConfiguration;
			baseConfigurationReference = 9B290053D269CABFA8E4479F /* Pods-Tick That Off.debug.xcconfig */;
			buildSettings = {
				ASSETCATALOG_COMPILER_APPICON_NAME = AppIcon;
				CODE_SIGN_STYLE = Automatic;
				DEVELOPMENT_TEAM = 9V37J2YB3S;
				INFOPLIST_FILE = "Tick That Off/Info.plist";
				IPHONEOS_DEPLOYMENT_TARGET = 10.0;
				LD_RUNPATH_SEARCH_PATHS = (
					"$(inherited)",
					"@executable_path/Frameworks",
				);
				PRODUCT_BUNDLE_IDENTIFIER = "com.kjemdemoapps..Tick-That-Off";
				PRODUCT_NAME = "$(TARGET_NAME)";
				SWIFT_VERSION = 4.0;
				TARGETED_DEVICE_FAMILY = "1,2";
			};
			name = Debug;
		};
		0A340EB5218ECC8D0000B1FF /* Release */ = {
			isa = XCBuildConfiguration;
			baseConfigurationReference = 644017C88BDF66978ED0FB4C /* Pods-Tick That Off.release.xcconfig */;
			buildSettings = {
				ASSETCATALOG_COMPILER_APPICON_NAME = AppIcon;
				CODE_SIGN_STYLE = Automatic;
				DEVELOPMENT_TEAM = 9V37J2YB3S;
				INFOPLIST_FILE = "Tick That Off/Info.plist";
				IPHONEOS_DEPLOYMENT_TARGET = 10.0;
				LD_RUNPATH_SEARCH_PATHS = (
					"$(inherited)",
					"@executable_path/Frameworks",
				);
				PRODUCT_BUNDLE_IDENTIFIER = "com.kjemdemoapps..Tick-That-Off";
				PRODUCT_NAME = "$(TARGET_NAME)";
				SWIFT_VERSION = 4.0;
				TARGETED_DEVICE_FAMILY = "1,2";
			};
			name = Release;
		};
/* End XCBuildConfiguration section */

/* Begin XCConfigurationList section */
		0A340E9C218ECC830000B1FF /* Build configuration list for PBXProject "Tick That Off" */ = {
			isa = XCConfigurationList;
			buildConfigurations = (
				0A340EB1218ECC8D0000B1FF /* Debug */,
				0A340EB2218ECC8D0000B1FF /* Release */,
			);
			defaultConfigurationIsVisible = 0;
			defaultConfigurationName = Release;
		};
		0A340EB3218ECC8D0000B1FF /* Build configuration list for PBXNativeTarget "Tick That Off" */ = {
			isa = XCConfigurationList;
			buildConfigurations = (
				0A340EB4218ECC8D0000B1FF /* Debug */,
				0A340EB5218ECC8D0000B1FF /* Release */,
			);
			defaultConfigurationIsVisible = 0;
			defaultConfigurationName = Release;
		};
/* End XCConfigurationList section */
	};
	rootObject = 0A340E99218ECC830000B1FF /* Project object */;
}
